<?xml version="1.0" encoding="utf-8"?>
<Project ToolsVersion="4.0" xmlns="http://schemas.microsoft.com/developer/msbuild/2003">
  <ItemGroup>
    <Filter Include="Source Files">
      <UniqueIdentifier>{4FC737F1-C7A5-4376-A066-2A32D752A2FF}</UniqueIdentifier>
      <Extensions>cpp;c;cxx;def;odl;idl;hpj;bat;asm;asmx</Extensions>
    </Filter>
    <Filter Include="Source Files\public.sdk">
      <UniqueIdentifier>{0d501410-600a-4873-a6d8-6e0fe5856116}</UniqueIdentifier>
    </Filter>
    <Filter Include="Source Files\public.sdk\common">
      <UniqueIdentifier>{17df4fe6-a58f-45db-a5b6-b9cfa81c3243}</UniqueIdentifier>
    </Filter>
    <Filter Include="Source Files\public.sdk\vst">
      <UniqueIdentifier>{4fdfeb55-a7d9-4f26-a687-50b9672e8c6d}</UniqueIdentifier>
    </Filter>
    <Filter Include="Source Files\pluginterfaces">
      <UniqueIdentifier>{dc35173e-c9dc-484f-954a-075fa53725d2}</UniqueIdentifier>
    </Filter>
    <Filter Include="Source Files\pluginterfaces\base">
      <UniqueIdentifier>{c0d3bddd-1cb9-409c-b68b-1b158b8c5893}</UniqueIdentifier>
    </Filter>
    <Filter Include="Source Files\pluginterfaces\vst">
      <UniqueIdentifier>{ef34facc-e080-469f-99bb-40a43a67be60}</UniqueIdentifier>
    </Filter>
    <Filter Include="Source Files\pluginterfaces\gui">
      <UniqueIdentifier>{9c3f4676-a7e4-41d9-8faf-f87295ac6a45}</UniqueIdentifier>
    </Filter>
    <Filter Include="Source Files\resources">
      <UniqueIdentifier>{8c8f504e-7963-43fd-b0d9-2f5f383cbbeb}</UniqueIdentifier>
    </Filter>
    <Filter Include="Source Files\vstgui4">
      <UniqueIdentifier>{03719e8f-f75a-4591-84ce-16299fca1dfa}</UniqueIdentifier>
    </Filter>
    <Filter Include="Source Files\VSTSource">
      <UniqueIdentifier>{d61ef4fe-b27d-4a6e-8546-b2b0edf60668}</UniqueIdentifier>
    </Filter>
    <Filter Include="Source Files\SynthCore">
      <UniqueIdentifier>{9b9246d0-0d58-4d0e-a314-e49e47931c45}</UniqueIdentifier>
    </Filter>
  </ItemGroup>
  <ItemGroup>
    <ClCompile Include="..\..\..\..\source\main\dllmain.cpp">
      <Filter>Source Files\public.sdk\common</Filter>
    </ClCompile>
    <ClCompile Include="..\..\..\..\source\main\pluginfactoryvst3.cpp">
      <Filter>Source Files\public.sdk\common</Filter>
    </ClCompile>
    <ClCompile Include="..\..\..\..\source\common\pluginview.cpp">
      <Filter>Source Files\public.sdk\common</Filter>
    </ClCompile>
    <ClCompile Include="..\..\..\..\source\vst\vstaudioeffect.cpp">
      <Filter>Source Files\public.sdk\vst</Filter>
    </ClCompile>
    <ClCompile Include="..\..\..\..\source\vst\vstbus.cpp">
      <Filter>Source Files\public.sdk\vst</Filter>
    </ClCompile>
    <ClCompile Include="..\..\..\..\source\vst\vstcomponent.cpp">
      <Filter>Source Files\public.sdk\vst</Filter>
    </ClCompile>
    <ClCompile Include="..\..\..\..\source\vst\vstcomponentbase.cpp">
      <Filter>Source Files\public.sdk\vst</Filter>
    </ClCompile>
    <ClCompile Include="..\..\..\..\source\vst\vsteditcontroller.cpp">
      <Filter>Source Files\public.sdk\vst</Filter>
    </ClCompile>
    <ClCompile Include="..\..\..\..\source\vst\vstguieditor.cpp">
      <Filter>Source Files\public.sdk\vst</Filter>
    </ClCompile>
    <ClCompile Include="..\..\..\..\source\vst\vstinitiids.cpp">
      <Filter>Source Files\public.sdk\vst</Filter>
    </ClCompile>
    <ClCompile Include="..\..\..\..\source\vst\vstnoteexpressiontypes.cpp">
      <Filter>Source Files\public.sdk\vst</Filter>
    </ClCompile>
    <ClCompile Include="..\..\..\..\source\vst\vstparameters.cpp">
      <Filter>Source Files\public.sdk\vst</Filter>
    </ClCompile>
    <ClCompile Include="..\..\..\..\..\pluginterfaces\base\conststringtable.cpp">
      <Filter>Source Files\pluginterfaces\base</Filter>
    </ClCompile>
    <ClCompile Include="..\..\..\..\..\pluginterfaces\base\funknown.cpp">
      <Filter>Source Files\pluginterfaces\base</Filter>
    </ClCompile>
    <ClCompile Include="..\..\..\..\..\pluginterfaces\base\ustring.cpp">
      <Filter>Source Files\pluginterfaces\base</Filter>
    </ClCompile>
    <ClCompile Include="..\..\..\..\..\vstgui4\vstgui\plugin-bindings\vst3editor.cpp">
      <Filter>Source Files\vstgui4</Filter>
    </ClCompile>
    <ClCompile Include="..\..\..\..\..\vstgui4\vstgui\plugin-bindings\vst3groupcontroller.cpp">
      <Filter>Source Files\vstgui4</Filter>
    </ClCompile>
    <ClCompile Include="..\..\..\..\..\vstgui4\vstgui\plugin-bindings\vst3padcontroller.cpp">
      <Filter>Source Files\vstgui4</Filter>
    </ClCompile>
    <ClCompile Include="..\..\..\..\..\vstgui4\vstgui\vstgui_uidescription_win32.cpp">
      <Filter>Source Files\vstgui4</Filter>
    </ClCompile>
    <ClCompile Include="..\..\..\..\..\vstgui4\vstgui\vstgui_win32.cpp">
      <Filter>Source Files\vstgui4</Filter>
    </ClCompile>
    <ClCompile Include="source\factory.cpp">
      <Filter>Source Files\VSTSource</Filter>
    </ClCompile>
    <ClCompile Include="source\VSTSynthController.cpp">
      <Filter>Source Files\VSTSource</Filter>
    </ClCompile>
    <ClCompile Include="source\VSTSynthProcessor.cpp">
      <Filter>Source Files\VSTSource</Filter>
    </ClCompile>
    <ClCompile Include="source\pluginobjects.cpp">
      <Filter>Source Files\SynthCore</Filter>
    </ClCompile>
  </ItemGroup>
  <ItemGroup>
    <ClInclude Include="..\..\..\..\source\main\pluginfactoryvst3.h">
      <Filter>Source Files\public.sdk\common</Filter>
    </ClInclude>
    <ClInclude Include="..\..\..\..\source\common\pluginview.h">
      <Filter>Source Files\public.sdk\common</Filter>
    </ClInclude>
    <ClInclude Include="..\..\..\..\source\vst\vstaudioeffect.h">
      <Filter>Source Files\public.sdk\vst</Filter>
    </ClInclude>
    <ClInclude Include="..\..\..\..\source\vst\vstbus.h">
      <Filter>Source Files\public.sdk\vst</Filter>
    </ClInclude>
    <ClInclude Include="..\..\..\..\source\vst\vstcomponent.h">
      <Filter>Source Files\public.sdk\vst</Filter>
    </ClInclude>
    <ClInclude Include="..\..\..\..\source\vst\vstcomponentbase.h">
      <Filter>Source Files\public.sdk\vst</Filter>
    </ClInclude>
    <ClInclude Include="..\..\..\..\source\vst\vsteditcontroller.h">
      <Filter>Source Files\public.sdk\vst</Filter>
    </ClInclude>
    <ClInclude Include="..\..\..\..\source\vst\vstguieditor.h">
      <Filter>Source Files\public.sdk\vst</Filter>
    </ClInclude>
    <ClInclude Include="..\..\..\..\source\vst\vstnoteexpressiontypes.h">
      <Filter>Source Files\public.sdk\vst</Filter>
    </ClInclude>
    <ClInclude Include="..\..\..\..\source\vst\vstparameters.h">
      <Filter>Source Files\public.sdk\vst</Filter>
    </ClInclude>
    <ClInclude Include="..\..\..\..\..\pluginterfaces\base\conststringtable.h">
      <Filter>Source Files\pluginterfaces\base</Filter>
    </ClInclude>
    <ClInclude Include="..\..\..\..\..\pluginterfaces\base\falignpop.h">
      <Filter>Source Files\pluginterfaces\base</Filter>
    </ClInclude>
    <ClInclude Include="..\..\..\..\..\pluginterfaces\base\falignpush.h">
      <Filter>Source Files\pluginterfaces\base</Filter>
    </ClInclude>
    <ClInclude Include="..\..\..\..\..\pluginterfaces\base\fplatform.h">
      <Filter>Source Files\pluginterfaces\base</Filter>
    </ClInclude>
    <ClInclude Include="..\..\..\..\..\pluginterfaces\base\ftypes.h">
      <Filter>Source Files\pluginterfaces\base</Filter>
    </ClInclude>
    <ClInclude Include="..\..\..\..\..\pluginterfaces\base\funknown.h">
      <Filter>Source Files\pluginterfaces\base</Filter>
    </ClInclude>
    <ClInclude Include="..\..\..\..\..\pluginterfaces\base\ipluginbase.h">
      <Filter>Source Files\pluginterfaces\base</Filter>
    </ClInclude>
    <ClInclude Include="..\..\..\..\..\pluginterfaces\base\keycodes.h">
      <Filter>Source Files\pluginterfaces\base</Filter>
    </ClInclude>
    <ClInclude Include="..\..\..\..\..\pluginterfaces\base\ustring.h">
      <Filter>Source Files\pluginterfaces\base</Filter>
    </ClInclude>
    <ClInclude Include="..\..\..\..\..\pluginterfaces\vst\ivstattributes.h">
      <Filter>Source Files\pluginterfaces\vst</Filter>
    </ClInclude>
    <ClInclude Include="..\..\..\..\..\pluginterfaces\vst\ivstaudioprocessor.h">
      <Filter>Source Files\pluginterfaces\vst</Filter>
    </ClInclude>
    <ClInclude Include="..\..\..\..\..\pluginterfaces\vst\ivstcomponent.h">
      <Filter>Source Files\pluginterfaces\vst</Filter>
    </ClInclude>
    <ClInclude Include="..\..\..\..\..\pluginterfaces\vst\ivsteditcontroller.h">
      <Filter>Source Files\pluginterfaces\vst</Filter>
    </ClInclude>
    <ClInclude Include="..\..\..\..\..\pluginterfaces\vst\ivstevents.h">
      <Filter>Source Files\pluginterfaces\vst</Filter>
    </ClInclude>
    <ClInclude Include="..\..\..\..\..\pluginterfaces\vst\ivsthostapplication.h">
      <Filter>Source Files\pluginterfaces\vst</Filter>
    </ClInclude>
    <ClInclude Include="..\..\..\..\..\pluginterfaces\vst\ivstmessage.h">
      <Filter>Source Files\pluginterfaces\vst</Filter>
    </ClInclude>
    <ClInclude Include="..\..\..\..\..\pluginterfaces\vst\ivstmidicontrollers.h">
      <Filter>Source Files\pluginterfaces\vst</Filter>
    </ClInclude>
    <ClInclude Include="..\..\..\..\..\pluginterfaces\vst\ivstnoteexpression.h">
      <Filter>Source Files\pluginterfaces\vst</Filter>
    </ClInclude>
    <ClInclude Include="..\..\..\..\..\pluginterfaces\vst\ivstparameterchanges.h">
      <Filter>Source Files\pluginterfaces\vst</Filter>
    </ClInclude>
    <ClInclude Include="..\..\..\..\..\pluginterfaces\vst\ivstplugview.h">
      <Filter>Source Files\pluginterfaces\vst</Filter>
    </ClInclude>
    <ClInclude Include="..\..\..\..\..\pluginterfaces\vst\ivstprocesscontext.h">
      <Filter>Source Files\pluginterfaces\vst</Filter>
    </ClInclude>
    <ClInclude Include="..\..\..\..\..\pluginterfaces\vst\ivstunits.h">
      <Filter>Source Files\pluginterfaces\vst</Filter>
    </ClInclude>
    <ClInclude Include="..\..\..\..\..\pluginterfaces\vst\vstpresetkeys.h">
      <Filter>Source Files\pluginterfaces\vst</Filter>
    </ClInclude>
    <ClInclude Include="..\..\..\..\..\pluginterfaces\vst\vsttypes.h">
      <Filter>Source Files\pluginterfaces\vst</Filter>
    </ClInclude>
    <ClInclude Include="..\..\..\..\..\pluginterfaces\gui\iplugview.h">
      <Filter>Source Files\pluginterfaces\gui</Filter>
    </ClInclude>
    <ClInclude Include="resource.h">
      <Filter>Source Files\resources</Filter>
    </ClInclude>
    <ClInclude Include="..\..\..\..\..\vstgui4\vstgui\plugin-bindings\vst3editor.h">
      <Filter>Source Files\vstgui4</Filter>
    </ClInclude>
    <ClInclude Include="..\..\..\..\..\vstgui4\vstgui\plugin-bindings\vst3groupcontroller.h">
      <Filter>Source Files\vstgui4</Filter>
    </ClInclude>
    <ClInclude Include="..\..\..\..\..\vstgui4\vstgui\plugin-bindings\vst3padcontroller.h">
      <Filter>Source Files\vstgui4</Filter>
    </ClInclude>
    <ClInclude Include="..\..\common\logscale.h">
      <Filter>Source Files\VSTSource</Filter>
    </ClInclude>
    <ClInclude Include="source\version.h">
      <Filter>Source Files\VSTSource</Filter>
    </ClInclude>
    <ClInclude Include="source\VSTSynthController.h">
      <Filter>Source Files\VSTSource</Filter>
    </ClInclude>
    <ClInclude Include="source\VSTSynthProcessor.h">
      <Filter>Source Files\VSTSource</Filter>
    </ClInclude>
    <ClInclude Include="source\pluginconstants.h">
      <Filter>Source Files\SynthCore</Filter>
    </ClInclude>
    <ClInclude Include="source\synthfunctions.h">
      <Filter>Source Files\SynthCore</Filter>
    </ClInclude>
    <ClInclude Include="source\SynthParamLimits.h">
      <Filter>Source Files\SynthCore</Filter>
    </ClInclude>
  </ItemGroup>
  <ItemGroup>
    <None Include="resources\amberonoff.png">
      <Filter>Source Files\resources</Filter>
    </None>
    <None Include="resources\background.png">
      <Filter>Source Files\resources</Filter>
    </None>
    <None Include="resources\groupframe.png">
      <Filter>Source Files\resources</Filter>
    </None>
    <None Include="resources\knob.png">
      <Filter>Source Files\resources</Filter>
    </None>
    <None Include="resources\knob2.png">
      <Filter>Source Files\resources</Filter>
    </None>
    <None Include="TemplateSynth.def">
      <Filter>Source Files\resources</Filter>
    </None>
    <None Include="resources\vstgui.uidesc">
      <Filter>Source Files\resources</Filter>
    </None>
  </ItemGroup>
  <ItemGroup>
    <ResourceCompile Include="TemplateSynth.rc">
      <Filter>Source Files\resources</Filter>
    </ResourceCompile>
  </ItemGroup>
</Project>