
Microsoft Visual Studio Solution File, Format Version 10.00
# Visual Studio 2008
Project("{8BC9CEB8-8B4A-11D0-8D11-00A0C91BC942}") = "cmidiin", "cmidiin.vcproj", "{FA916AE9-45DA-49CE-BEDD-86FADAE31D53}"
EndProject
Project("{8BC9CEB8-8B4A-11D0-8D11-00A0C91BC942}") = "midiout", "midiout.vcproj", "{F8B1FFBE-0B4F-4EB7-856E-B1F6BE743217}"
EndProject
Project("{8BC9CEB8-8B4A-11D0-8D11-00A0C91BC942}") = "midiprobe", "midiprobe.vcproj", "{2CD68EEF-88EE-4479-AA9F-F016A630E0C8}"
EndProject
Project("{8BC9CEB8-8B4A-11D0-8D11-00A0C91BC942}") = "qmidiin", "qmidiin.vcproj", "{26C71A47-8419-4940-9203-4E9FF5D11EDF}"
EndProject
Project("{8BC9CEB8-8B4A-11D0-8D11-00A0C91BC942}") = "sysextest", "sysextest.vcproj", "{39A9DC1B-FADC-4D80-98FD-31299EF3A6BB}"
EndProject
Global
	GlobalSection(SolutionConfigurationPlatforms) = preSolution
		Debug|Win32 = Debug|Win32
		Release|Win32 = Release|Win32
	EndGlobalSection
	GlobalSection(ProjectConfigurationPlatforms) = postSolution
		{FA916AE9-45DA-49CE-BEDD-86FADAE31D53}.Debug|Win32.ActiveCfg = Debug|Win32
		{FA916AE9-45DA-49CE-BEDD-86FADAE31D53}.Debug|Win32.Build.0 = Debug|Win32
		{FA916AE9-45DA-49CE-BEDD-86FADAE31D53}.Release|Win32.ActiveCfg = Release|Win32
		{FA916AE9-45DA-49CE-BEDD-86FADAE31D53}.Release|Win32.Build.0 = Release|Win32
		{F8B1FFBE-0B4F-4EB7-856E-B1F6BE743217}.Debug|Win32.ActiveCfg = Debug|Win32
		{F8B1FFBE-0B4F-4EB7-856E-B1F6BE743217}.Debug|Win32.Build.0 = Debug|Win32
		{F8B1FFBE-0B4F-4EB7-856E-B1F6BE743217}.Release|Win32.ActiveCfg = Release|Win32
		{F8B1FFBE-0B4F-4EB7-856E-B1F6BE743217}.Release|Win32.Build.0 = Release|Win32
		{2CD68EEF-88EE-4479-AA9F-F016A630E0C8}.Debug|Win32.ActiveCfg = Debug|Win32
		{2CD68EEF-88EE-4479-AA9F-F016A630E0C8}.Debug|Win32.Build.0 = Debug|Win32
		{2CD68EEF-88EE-4479-AA9F-F016A630E0C8}.Release|Win32.ActiveCfg = Release|Win32
		{2CD68EEF-88EE-4479-AA9F-F016A630E0C8}.Release|Win32.Build.0 = Release|Win32
		{26C71A47-8419-4940-9203-4E9FF5D11EDF}.Debug|Win32.ActiveCfg = Debug|Win32
		{26C71A47-8419-4940-9203-4E9FF5D11EDF}.Debug|Win32.Build.0 = Debug|Win32
		{26C71A47-8419-4940-9203-4E9FF5D11EDF}.Release|Win32.ActiveCfg = Release|Win32
		{26C71A47-8419-4940-9203-4E9FF5D11EDF}.Release|Win32.Build.0 = Release|Win32
		{39A9DC1B-FADC-4D80-98FD-31299EF3A6BB}.Debug|Win32.ActiveCfg = Debug|Win32
		{39A9DC1B-FADC-4D80-98FD-31299EF3A6BB}.Debug|Win32.Build.0 = Debug|Win32
		{39A9DC1B-FADC-4D80-98FD-31299EF3A6BB}.Release|Win32.ActiveCfg = Release|Win32
		{39A9DC1B-FADC-4D80-98FD-31299EF3A6BB}.Release|Win32.Build.0 = Release|Win32
	EndGlobalSection
	GlobalSection(SolutionProperties) = preSolution
		HideSolutionNode = FALSE
	EndGlobalSection
EndGlobal
